
Microsoft Visual Studio Solution File, Format Version 12.00
# Visual Studio Version 16
VisualStudioVersion = 25.0.1706.13
MinimumVisualStudioVersion = 10.0.40219.1
Project("{FAE04EC0-301F-11D3-BF4B-00C04F79EFBC}") = "NetflixGPT", "NetflixGPT\NetflixGPT.csproj", "{190E348A-4714-4100-A2EB-59A55F155DAB}"
EndProject
Global
	GlobalSection(SolutionConfigurationPlatforms) = preSolution
		Debug|Any CPU = Debug|Any CPU
		Release|Any CPU = Release|Any CPU
	EndGlobalSection
	GlobalSection(ProjectConfigurationPlatforms) = postSolution
		{190E348A-4714-4100-A2EB-59A55F155DAB}.Debug|Any CPU.ActiveCfg = Debug|Any CPU
		{190E348A-4714-4100-A2EB-59A55F155DAB}.Debug|Any CPU.Build.0 = Debug|Any CPU
		{190E348A-4714-4100-A2EB-59A55F155DAB}.Release|Any CPU.ActiveCfg = Release|Any CPU
		{190E348A-4714-4100-A2EB-59A55F155DAB}.Release|Any CPU.Build.0 = Release|Any CPU
	EndGlobalSection
	GlobalSection(SolutionProperties) = preSolution
		HideSolutionNode = FALSE
	EndGlobalSection
	GlobalSection(ExtensibilityGlobals) = postSolution
		SolutionGuid = {C5316B37-6A0F-4B76-9014-5B13FA66FE12}
	EndGlobalSection
EndGlobal
